// !$*UTF8*$!
{
	archiveVersion = 1;
	classes = {
	};
	objectVersion = 51;
	objects = {

/* Begin PBXBuildFile section */
		371DB7A6247FCECB0050FA3D /* ArtistResponse.swift in Sources */ = {isa = PBXBuildFile; fileRef = 371DB7A5247FCECB0050FA3D /* ArtistResponse.swift */; };
		371DB7AC247FD8690050FA3D /* Artists.swift in Sources */ = {isa = PBXBuildFile; fileRef = 371DB7AB247FD8690050FA3D /* Artists.swift */; };
		372BCCAA247E600A00F143C9 /* AppCoordinator.swift in Sources */ = {isa = PBXBuildFile; fileRef = 372BCCA9247E600A00F143C9 /* AppCoordinator.swift */; };
		372BCCAC247E65A700F143C9 /* CoordinatorDelegate.swift in Sources */ = {isa = PBXBuildFile; fileRef = 372BCCAB247E65A700F143C9 /* CoordinatorDelegate.swift */; };
		372BCCAE247E65DD00F143C9 /* ParentCoordinatorDelegate.swift in Sources */ = {isa = PBXBuildFile; fileRef = 372BCCAD247E65DD00F143C9 /* ParentCoordinatorDelegate.swift */; };
		3739A5E8246985D200AA2642 /* AppDelegate.swift in Sources */ = {isa = PBXBuildFile; fileRef = 3739A5E7246985D200AA2642 /* AppDelegate.swift */; };
		3739A5EC246985D200AA2642 /* HomeScreenViewController.swift in Sources */ = {isa = PBXBuildFile; fileRef = 3739A5EB246985D200AA2642 /* HomeScreenViewController.swift */; };
		3739A5F1246985D300AA2642 /* Assets.xcassets in Resources */ = {isa = PBXBuildFile; fileRef = 3739A5F0246985D300AA2642 /* Assets.xcassets */; };
		3739A6062469881000AA2642 /* DeezerMusicTests.swift in Sources */ = {isa = PBXBuildFile; fileRef = 3739A6052469881000AA2642 /* DeezerMusicTests.swift */; };
		3739A60E24698BD500AA2642 /* HomeScreenViewModel.swift in Sources */ = {isa = PBXBuildFile; fileRef = 3739A60D24698BD500AA2642 /* HomeScreenViewModel.swift */; };
		3739A61024698C2400AA2642 /* HomeScreenViewModelImpl.swift in Sources */ = {isa = PBXBuildFile; fileRef = 3739A60F24698C2400AA2642 /* HomeScreenViewModelImpl.swift */; };
		3739A61224698CB200AA2642 /* HomeScreenViewModel.swift in Sources */ = {isa = PBXBuildFile; fileRef = 3739A61124698CB200AA2642 /* HomeScreenViewModel.swift */; };
		374213B3246A95250070211C /* SongRepository.swift in Sources */ = {isa = PBXBuildFile; fileRef = 374213B2246A95250070211C /* SongRepository.swift */; };
		374213B5246A95310070211C /* SongRepositoryImpl.swift in Sources */ = {isa = PBXBuildFile; fileRef = 374213B4246A95310070211C /* SongRepositoryImpl.swift */; };
		374213B8246A954C0070211C /* NetworkManager.swift in Sources */ = {isa = PBXBuildFile; fileRef = 374213B7246A954C0070211C /* NetworkManager.swift */; };
		374213BA246A965A0070211C /* DecoderManager.swift in Sources */ = {isa = PBXBuildFile; fileRef = 374213B9246A965A0070211C /* DecoderManager.swift */; };
		374213BD246A99000070211C /* SongList.swift in Sources */ = {isa = PBXBuildFile; fileRef = 374213BC246A99000070211C /* SongList.swift */; };
		374213BF246A99250070211C /* Album.swift in Sources */ = {isa = PBXBuildFile; fileRef = 374213BE246A99250070211C /* Album.swift */; };
		374213C1246A992F0070211C /* Artist.swift in Sources */ = {isa = PBXBuildFile; fileRef = 374213C0246A992F0070211C /* Artist.swift */; };
		374213C3246A9A840070211C /* TrackResponse.swift in Sources */ = {isa = PBXBuildFile; fileRef = 374213C2246A9A840070211C /* TrackResponse.swift */; };
		374213C6246A9E040070211C /* SongTableViewCell.swift in Sources */ = {isa = PBXBuildFile; fileRef = 374213C5246A9E040070211C /* SongTableViewCell.swift */; };
		374213C8246AA3A80070211C /* Tracks.swift in Sources */ = {isa = PBXBuildFile; fileRef = 374213C7246AA3A80070211C /* Tracks.swift */; };
		374213CB246AB10B0070211C /* ImageViewExtension.swift in Sources */ = {isa = PBXBuildFile; fileRef = 374213CA246AB10B0070211C /* ImageViewExtension.swift */; };
		374213CE246AB2670070211C /* SongListAlbumAndArtistImageView.swift in Sources */ = {isa = PBXBuildFile; fileRef = 374213CD246AB2670070211C /* SongListAlbumAndArtistImageView.swift */; };
		374213D3246ACACF0070211C /* SongListSongAndAlbumLabelsView.swift in Sources */ = {isa = PBXBuildFile; fileRef = 374213D2246ACACF0070211C /* SongListSongAndAlbumLabelsView.swift */; };
		374213D5246ACB420070211C /* UIViewExtension.swift in Sources */ = {isa = PBXBuildFile; fileRef = 374213D4246ACB420070211C /* UIViewExtension.swift */; };
		3745601F247529EE004E2B1F /* UIViewControllerExtension.swift in Sources */ = {isa = PBXBuildFile; fileRef = 3745601E247529EE004E2B1F /* UIViewControllerExtension.swift */; };
		3745602124752CC7004E2B1F /* UITableViewExtension.swift in Sources */ = {isa = PBXBuildFile; fileRef = 3745602024752CC7004E2B1F /* UITableViewExtension.swift */; };
		3745602324752FEE004E2B1F /* StyleManager.swift in Sources */ = {isa = PBXBuildFile; fileRef = 3745602224752FEE004E2B1F /* StyleManager.swift */; };
		3745602524753117004E2B1F /* UIColorExtension.swift in Sources */ = {isa = PBXBuildFile; fileRef = 3745602424753117004E2B1F /* UIColorExtension.swift */; };
		3746895B248993EE0043C0A8 /* TrendingLabelTableViewCell.swift in Sources */ = {isa = PBXBuildFile; fileRef = 3746895A248993EE0043C0A8 /* TrendingLabelTableViewCell.swift */; };
		377199F9247D1D1B00383447 /* Coordinator.swift in Sources */ = {isa = PBXBuildFile; fileRef = 377199F8247D1D1B00383447 /* Coordinator.swift */; };
		377199FF247D2E0100383447 /* HomeScreenCoordinator.swift in Sources */ = {isa = PBXBuildFile; fileRef = 377199FE247D2E0100383447 /* HomeScreenCoordinator.swift */; };
		523A45F62655618600FB5F2F /* MicrophoneMonitor.swift in Sources */ = {isa = PBXBuildFile; fileRef = 523A45F52655618600FB5F2F /* MicrophoneMonitor.swift */; };
		523A45F9265561F600FB5F2F /* BarView.swift in Sources */ = {isa = PBXBuildFile; fileRef = 523A45F8265561F600FB5F2F /* BarView.swift */; };
		523A45FB2655629000FB5F2F /* VisualizerView.swift in Sources */ = {isa = PBXBuildFile; fileRef = 523A45FA2655629000FB5F2F /* VisualizerView.swift */; };
		5295ADEF2656409C0035868B /* AudioSpectogram.swift in Sources */ = {isa = PBXBuildFile; fileRef = 5295ADEE2656409C0035868B /* AudioSpectogram.swift */; };
		5295ADF1265642150035868B /* AudioSpectogramViewController.swift in Sources */ = {isa = PBXBuildFile; fileRef = 5295ADF0265642150035868B /* AudioSpectogramViewController.swift */; };
		529A351B2655B03A00B28437 /* CustomHostingViewController.swift in Sources */ = {isa = PBXBuildFile; fileRef = 529A351A2655B03A00B28437 /* CustomHostingViewController.swift */; };
		529A351D2655B35100B28437 /* SongDurationUtils.swift in Sources */ = {isa = PBXBuildFile; fileRef = 529A351C2655B35100B28437 /* SongDurationUtils.swift */; };
		529A351F2655B92000B28437 /* CircleView.swift in Sources */ = {isa = PBXBuildFile; fileRef = 529A351E2655B92000B28437 /* CircleView.swift */; };
		529A35212655BF0300B28437 /* VisualizerCircleView.swift in Sources */ = {isa = PBXBuildFile; fileRef = 529A35202655BF0300B28437 /* VisualizerCircleView.swift */; };
		529A35232655C29800B28437 /* containerView.swift in Sources */ = {isa = PBXBuildFile; fileRef = 529A35222655C29800B28437 /* containerView.swift */; };
		CDC13752520F67F4D6028719 /* Pods_DeezerMusic.framework in Frameworks */ = {isa = PBXBuildFile; fileRef = 44AB84C4EE91B80D2907CE32 /* Pods_DeezerMusic.framework */; };
/* End PBXBuildFile section */

/* Begin PBXContainerItemProxy section */
		3739A6082469881000AA2642 /* PBXContainerItemProxy */ = {
			isa = PBXContainerItemProxy;
			containerPortal = 3739A5DC246985D200AA2642 /* Project object */;
			proxyType = 1;
			remoteGlobalIDString = 3739A5E3246985D200AA2642;
			remoteInfo = DeezerMusic;
		};
/* End PBXContainerItemProxy section */

/* Begin PBXFileReference section */
		371DB7A5247FCECB0050FA3D /* ArtistResponse.swift */ = {isa = PBXFileReference; lastKnownFileType = sourcecode.swift; path = ArtistResponse.swift; sourceTree = "<group>"; };
		371DB7AB247FD8690050FA3D /* Artists.swift */ = {isa = PBXFileReference; lastKnownFileType = sourcecode.swift; path = Artists.swift; sourceTree = "<group>"; };
		372BCCA9247E600A00F143C9 /* AppCoordinator.swift */ = {isa = PBXFileReference; lastKnownFileType = sourcecode.swift; path = AppCoordinator.swift; sourceTree = "<group>"; };
		372BCCAB247E65A700F143C9 /* CoordinatorDelegate.swift */ = {isa = PBXFileReference; lastKnownFileType = sourcecode.swift; path = CoordinatorDelegate.swift; sourceTree = "<group>"; };
		372BCCAD247E65DD00F143C9 /* ParentCoordinatorDelegate.swift */ = {isa = PBXFileReference; lastKnownFileType = sourcecode.swift; path = ParentCoordinatorDelegate.swift; sourceTree = "<group>"; };
		3739A5E4246985D200AA2642 /* DeezerMusic.app */ = {isa = PBXFileReference; explicitFileType = wrapper.application; includeInIndex = 0; path = DeezerMusic.app; sourceTree = BUILT_PRODUCTS_DIR; };
		3739A5E7246985D200AA2642 /* AppDelegate.swift */ = {isa = PBXFileReference; lastKnownFileType = sourcecode.swift; path = AppDelegate.swift; sourceTree = "<group>"; };
		3739A5EB246985D200AA2642 /* HomeScreenViewController.swift */ = {isa = PBXFileReference; lastKnownFileType = sourcecode.swift; path = HomeScreenViewController.swift; sourceTree = "<group>"; };
		3739A5F0246985D300AA2642 /* Assets.xcassets */ = {isa = PBXFileReference; lastKnownFileType = folder.assetcatalog; path = Assets.xcassets; sourceTree = "<group>"; };
		3739A5F5246985D300AA2642 /* Info.plist */ = {isa = PBXFileReference; lastKnownFileType = text.plist.xml; path = Info.plist; sourceTree = "<group>"; };
		3739A6032469881000AA2642 /* DeezerMusicTests.xctest */ = {isa = PBXFileReference; explicitFileType = wrapper.cfbundle; includeInIndex = 0; path = DeezerMusicTests.xctest; sourceTree = BUILT_PRODUCTS_DIR; };
		3739A6052469881000AA2642 /* DeezerMusicTests.swift */ = {isa = PBXFileReference; lastKnownFileType = sourcecode.swift; path = DeezerMusicTests.swift; sourceTree = "<group>"; };
		3739A6072469881000AA2642 /* Info.plist */ = {isa = PBXFileReference; lastKnownFileType = text.plist.xml; path = Info.plist; sourceTree = "<group>"; };
		3739A60D24698BD500AA2642 /* HomeScreenViewModel.swift */ = {isa = PBXFileReference; lastKnownFileType = sourcecode.swift; path = HomeScreenViewModel.swift; sourceTree = "<group>"; };
		3739A60F24698C2400AA2642 /* HomeScreenViewModelImpl.swift */ = {isa = PBXFileReference; lastKnownFileType = sourcecode.swift; path = HomeScreenViewModelImpl.swift; sourceTree = "<group>"; };
		3739A61124698CB200AA2642 /* HomeScreenViewModel.swift */ = {isa = PBXFileReference; lastKnownFileType = sourcecode.swift; path = HomeScreenViewModel.swift; sourceTree = "<group>"; };
		374213B2246A95250070211C /* SongRepository.swift */ = {isa = PBXFileReference; lastKnownFileType = sourcecode.swift; path = SongRepository.swift; sourceTree = "<group>"; };
		374213B4246A95310070211C /* SongRepositoryImpl.swift */ = {isa = PBXFileReference; lastKnownFileType = sourcecode.swift; path = SongRepositoryImpl.swift; sourceTree = "<group>"; };
		374213B7246A954C0070211C /* NetworkManager.swift */ = {isa = PBXFileReference; lastKnownFileType = sourcecode.swift; path = NetworkManager.swift; sourceTree = "<group>"; };
		374213B9246A965A0070211C /* DecoderManager.swift */ = {isa = PBXFileReference; lastKnownFileType = sourcecode.swift; path = DecoderManager.swift; sourceTree = "<group>"; };
		374213BC246A99000070211C /* SongList.swift */ = {isa = PBXFileReference; lastKnownFileType = sourcecode.swift; path = SongList.swift; sourceTree = "<group>"; };
		374213BE246A99250070211C /* Album.swift */ = {isa = PBXFileReference; lastKnownFileType = sourcecode.swift; path = Album.swift; sourceTree = "<group>"; };
		374213C0246A992F0070211C /* Artist.swift */ = {isa = PBXFileReference; lastKnownFileType = sourcecode.swift; path = Artist.swift; sourceTree = "<group>"; };
		374213C2246A9A840070211C /* TrackResponse.swift */ = {isa = PBXFileReference; lastKnownFileType = sourcecode.swift; path = TrackResponse.swift; sourceTree = "<group>"; };
		374213C5246A9E040070211C /* SongTableViewCell.swift */ = {isa = PBXFileReference; lastKnownFileType = sourcecode.swift; path = SongTableViewCell.swift; sourceTree = "<group>"; };
		374213C7246AA3A80070211C /* Tracks.swift */ = {isa = PBXFileReference; lastKnownFileType = sourcecode.swift; path = Tracks.swift; sourceTree = "<group>"; };
		374213CA246AB10B0070211C /* ImageViewExtension.swift */ = {isa = PBXFileReference; lastKnownFileType = sourcecode.swift; path = ImageViewExtension.swift; sourceTree = "<group>"; };
		374213CD246AB2670070211C /* SongListAlbumAndArtistImageView.swift */ = {isa = PBXFileReference; lastKnownFileType = sourcecode.swift; path = SongListAlbumAndArtistImageView.swift; sourceTree = "<group>"; };
		374213D2246ACACF0070211C /* SongListSongAndAlbumLabelsView.swift */ = {isa = PBXFileReference; lastKnownFileType = sourcecode.swift; path = SongListSongAndAlbumLabelsView.swift; sourceTree = "<group>"; };
		374213D4246ACB420070211C /* UIViewExtension.swift */ = {isa = PBXFileReference; lastKnownFileType = sourcecode.swift; path = UIViewExtension.swift; sourceTree = "<group>"; };
		3745601E247529EE004E2B1F /* UIViewControllerExtension.swift */ = {isa = PBXFileReference; lastKnownFileType = sourcecode.swift; path = UIViewControllerExtension.swift; sourceTree = "<group>"; };
		3745602024752CC7004E2B1F /* UITableViewExtension.swift */ = {isa = PBXFileReference; lastKnownFileType = sourcecode.swift; path = UITableViewExtension.swift; sourceTree = "<group>"; };
		3745602224752FEE004E2B1F /* StyleManager.swift */ = {isa = PBXFileReference; lastKnownFileType = sourcecode.swift; path = StyleManager.swift; sourceTree = "<group>"; };
		3745602424753117004E2B1F /* UIColorExtension.swift */ = {isa = PBXFileReference; lastKnownFileType = sourcecode.swift; path = UIColorExtension.swift; sourceTree = "<group>"; };
		3746895A248993EE0043C0A8 /* TrendingLabelTableViewCell.swift */ = {isa = PBXFileReference; lastKnownFileType = sourcecode.swift; path = TrendingLabelTableViewCell.swift; sourceTree = "<group>"; };
		377199F8247D1D1B00383447 /* Coordinator.swift */ = {isa = PBXFileReference; lastKnownFileType = sourcecode.swift; path = Coordinator.swift; sourceTree = "<group>"; };
		377199FE247D2E0100383447 /* HomeScreenCoordinator.swift */ = {isa = PBXFileReference; lastKnownFileType = sourcecode.swift; path = HomeScreenCoordinator.swift; sourceTree = "<group>"; };
		44AB84C4EE91B80D2907CE32 /* Pods_DeezerMusic.framework */ = {isa = PBXFileReference; explicitFileType = wrapper.framework; includeInIndex = 0; path = Pods_DeezerMusic.framework; sourceTree = BUILT_PRODUCTS_DIR; };
		523A45F52655618600FB5F2F /* MicrophoneMonitor.swift */ = {isa = PBXFileReference; lastKnownFileType = sourcecode.swift; path = MicrophoneMonitor.swift; sourceTree = "<group>"; };
		523A45F8265561F600FB5F2F /* BarView.swift */ = {isa = PBXFileReference; lastKnownFileType = sourcecode.swift; path = BarView.swift; sourceTree = "<group>"; };
		523A45FA2655629000FB5F2F /* VisualizerView.swift */ = {isa = PBXFileReference; lastKnownFileType = sourcecode.swift; path = VisualizerView.swift; sourceTree = "<group>"; };
		5295ADEE2656409C0035868B /* AudioSpectogram.swift */ = {isa = PBXFileReference; lastKnownFileType = sourcecode.swift; path = AudioSpectogram.swift; sourceTree = "<group>"; };
		5295ADF0265642150035868B /* AudioSpectogramViewController.swift */ = {isa = PBXFileReference; lastKnownFileType = sourcecode.swift; path = AudioSpectogramViewController.swift; sourceTree = "<group>"; };
		529A351A2655B03A00B28437 /* CustomHostingViewController.swift */ = {isa = PBXFileReference; lastKnownFileType = sourcecode.swift; path = CustomHostingViewController.swift; sourceTree = "<group>"; };
		529A351C2655B35100B28437 /* SongDurationUtils.swift */ = {isa = PBXFileReference; fileEncoding = 4; lastKnownFileType = sourcecode.swift; path = SongDurationUtils.swift; sourceTree = "<group>"; };
		529A351E2655B92000B28437 /* CircleView.swift */ = {isa = PBXFileReference; lastKnownFileType = sourcecode.swift; path = CircleView.swift; sourceTree = "<group>"; };
		529A35202655BF0300B28437 /* VisualizerCircleView.swift */ = {isa = PBXFileReference; lastKnownFileType = sourcecode.swift; path = VisualizerCircleView.swift; sourceTree = "<group>"; };
		529A35222655C29800B28437 /* containerView.swift */ = {isa = PBXFileReference; lastKnownFileType = sourcecode.swift; path = containerView.swift; sourceTree = "<group>"; };
		67D410BB2E3468C7AE63BF1C /* Pods-DeezerMusic.debug.xcconfig */ = {isa = PBXFileReference; includeInIndex = 1; lastKnownFileType = text.xcconfig; name = "Pods-DeezerMusic.debug.xcconfig"; path = "Target Support Files/Pods-DeezerMusic/Pods-DeezerMusic.debug.xcconfig"; sourceTree = "<group>"; };
		ABFC61F7522D2F3BA5D7A404 /* Pods-DeezerMusic.release.xcconfig */ = {isa = PBXFileReference; includeInIndex = 1; lastKnownFileType = text.xcconfig; name = "Pods-DeezerMusic.release.xcconfig"; path = "Target Support Files/Pods-DeezerMusic/Pods-DeezerMusic.release.xcconfig"; sourceTree = "<group>"; };
/* End PBXFileReference section */

/* Begin PBXFrameworksBuildPhase section */
		3739A5E1246985D200AA2642 /* Frameworks */ = {
			isa = PBXFrameworksBuildPhase;
			buildActionMask = 2147483647;
			files = (
				CDC13752520F67F4D6028719 /* Pods_DeezerMusic.framework in Frameworks */,
			);
			runOnlyForDeploymentPostprocessing = 0;
		};
		3739A6002469881000AA2642 /* Frameworks */ = {
			isa = PBXFrameworksBuildPhase;
			buildActionMask = 2147483647;
			files = (
			);
			runOnlyForDeploymentPostprocessing = 0;
		};
/* End PBXFrameworksBuildPhase section */

/* Begin PBXGroup section */
		3739A5DB246985D200AA2642 = {
			isa = PBXGroup;
			children = (
				3739A5E6246985D200AA2642 /* DeezerMusic */,
				3739A6042469881000AA2642 /* DeezerMusicTests */,
				3739A5E5246985D200AA2642 /* Products */,
				7F2FED28DF1A866F585A3F34 /* Pods */,
				A2772F276058942E112C51E5 /* Frameworks */,
			);
			sourceTree = "<group>";
		};
		3739A5E5246985D200AA2642 /* Products */ = {
			isa = PBXGroup;
			children = (
				3739A5E4246985D200AA2642 /* DeezerMusic.app */,
				3739A6032469881000AA2642 /* DeezerMusicTests.xctest */,
			);
			name = Products;
			sourceTree = "<group>";
		};
		3739A5E6246985D200AA2642 /* DeezerMusic */ = {
			isa = PBXGroup;
			children = (
				523A45F7265561E100FB5F2F /* MusicVisualizer */,
				377199F7247D1D0B00383447 /* Coordinators */,
				3739A5F5246985D300AA2642 /* Info.plist */,
				37456027247553BA004E2B1F /* Assets */,
				37456028247553C5004E2B1F /* Delegate */,
				374213C9246AB0F50070211C /* Extensions */,
				3739A5FC2469875E00AA2642 /* HomeScreen */,
				3739A5FB2469875100AA2642 /* Models */,
				374213CF246AC4590070211C /* Utils */,
			);
			path = DeezerMusic;
			sourceTree = "<group>";
		};
		3739A5FB2469875100AA2642 /* Models */ = {
			isa = PBXGroup;
			children = (
				374213BB246A98E90070211C /* DataModels */,
				374213B6246A95410070211C /* Manager */,
				374213B1246A95140070211C /* Repositories */,
			);
			path = Models;
			sourceTree = "<group>";
		};
		3739A5FC2469875E00AA2642 /* HomeScreen */ = {
			isa = PBXGroup;
			children = (
				374ADF4A248D047E00D4360C /* Coordinator */,
				3739A5FE2469878900AA2642 /* View */,
				3739A5FD2469878300AA2642 /* ViewModel */,
			);
			path = HomeScreen;
			sourceTree = "<group>";
		};
		3739A5FD2469878300AA2642 /* ViewModel */ = {
			isa = PBXGroup;
			children = (
				3739A60D24698BD500AA2642 /* HomeScreenViewModel.swift */,
				3739A60F24698C2400AA2642 /* HomeScreenViewModelImpl.swift */,
			);
			path = ViewModel;
			sourceTree = "<group>";
		};
		3739A5FE2469878900AA2642 /* View */ = {
			isa = PBXGroup;
			children = (
				374213C4246A9DF60070211C /* Cell */,
				3739A5EB246985D200AA2642 /* HomeScreenViewController.swift */,
				529A351A2655B03A00B28437 /* CustomHostingViewController.swift */,
				5295ADF0265642150035868B /* AudioSpectogramViewController.swift */,
			);
			path = View;
			sourceTree = "<group>";
		};
		3739A6042469881000AA2642 /* DeezerMusicTests */ = {
			isa = PBXGroup;
			children = (
				3739A6052469881000AA2642 /* DeezerMusicTests.swift */,
				3739A6072469881000AA2642 /* Info.plist */,
				3739A61124698CB200AA2642 /* HomeScreenViewModel.swift */,
			);
			path = DeezerMusicTests;
			sourceTree = "<group>";
		};
		373CF167248D97A200047594 /* TableViewCells */ = {
			isa = PBXGroup;
			children = (
				374213C5246A9E040070211C /* SongTableViewCell.swift */,
				3746895A248993EE0043C0A8 /* TrendingLabelTableViewCell.swift */,
			);
			path = TableViewCells;
			sourceTree = "<group>";
		};
		374213B1246A95140070211C /* Repositories */ = {
			isa = PBXGroup;
			children = (
				374213B2246A95250070211C /* SongRepository.swift */,
				374213B4246A95310070211C /* SongRepositoryImpl.swift */,
			);
			path = Repositories;
			sourceTree = "<group>";
		};
		374213B6246A95410070211C /* Manager */ = {
			isa = PBXGroup;
			children = (
				374213B7246A954C0070211C /* NetworkManager.swift */,
				374213B9246A965A0070211C /* DecoderManager.swift */,
			);
			path = Manager;
			sourceTree = "<group>";
		};
		374213BB246A98E90070211C /* DataModels */ = {
			isa = PBXGroup;
			children = (
				374213BC246A99000070211C /* SongList.swift */,
				374213BE246A99250070211C /* Album.swift */,
				374213C0246A992F0070211C /* Artist.swift */,
				374213C2246A9A840070211C /* TrackResponse.swift */,
				374213C7246AA3A80070211C /* Tracks.swift */,
				371DB7A5247FCECB0050FA3D /* ArtistResponse.swift */,
				371DB7AB247FD8690050FA3D /* Artists.swift */,
			);
			path = DataModels;
			sourceTree = "<group>";
		};
		374213C4246A9DF60070211C /* Cell */ = {
			isa = PBXGroup;
			children = (
				373CF167248D97A200047594 /* TableViewCells */,
				374213CC246AB24B0070211C /* Subview */,
			);
			path = Cell;
			sourceTree = "<group>";
		};
		374213C9246AB0F50070211C /* Extensions */ = {
			isa = PBXGroup;
			children = (
				374213CA246AB10B0070211C /* ImageViewExtension.swift */,
				374213D4246ACB420070211C /* UIViewExtension.swift */,
				3745601E247529EE004E2B1F /* UIViewControllerExtension.swift */,
				3745602024752CC7004E2B1F /* UITableViewExtension.swift */,
				3745602424753117004E2B1F /* UIColorExtension.swift */,
			);
			path = Extensions;
			sourceTree = "<group>";
		};
		374213CC246AB24B0070211C /* Subview */ = {
			isa = PBXGroup;
			children = (
				374213CD246AB2670070211C /* SongListAlbumAndArtistImageView.swift */,
				374213D2246ACACF0070211C /* SongListSongAndAlbumLabelsView.swift */,
			);
			path = Subview;
			sourceTree = "<group>";
		};
		374213CF246AC4590070211C /* Utils */ = {
			isa = PBXGroup;
			children = (
				529A351C2655B35100B28437 /* SongDurationUtils.swift */,
				3745602224752FEE004E2B1F /* StyleManager.swift */,
				523A45F52655618600FB5F2F /* MicrophoneMonitor.swift */,
			);
			path = Utils;
			sourceTree = "<group>";
		};
		37456027247553BA004E2B1F /* Assets */ = {
			isa = PBXGroup;
			children = (
				3739A5F0246985D300AA2642 /* Assets.xcassets */,
			);
			path = Assets;
			sourceTree = "<group>";
		};
		37456028247553C5004E2B1F /* Delegate */ = {
			isa = PBXGroup;
			children = (
				3739A5E7246985D200AA2642 /* AppDelegate.swift */,
				372BCCAB247E65A700F143C9 /* CoordinatorDelegate.swift */,
				372BCCAD247E65DD00F143C9 /* ParentCoordinatorDelegate.swift */,
			);
			path = Delegate;
			sourceTree = "<group>";
		};
		374ADF4A248D047E00D4360C /* Coordinator */ = {
			isa = PBXGroup;
			children = (
				377199FE247D2E0100383447 /* HomeScreenCoordinator.swift */,
			);
			path = Coordinator;
			sourceTree = "<group>";
		};
		377199F7247D1D0B00383447 /* Coordinators */ = {
			isa = PBXGroup;
			children = (
				377199F8247D1D1B00383447 /* Coordinator.swift */,
				372BCCA9247E600A00F143C9 /* AppCoordinator.swift */,
			);
			path = Coordinators;
			sourceTree = "<group>";
		};
		523A45F7265561E100FB5F2F /* MusicVisualizer */ = {
			isa = PBXGroup;
			children = (
				523A45F8265561F600FB5F2F /* BarView.swift */,
				523A45FA2655629000FB5F2F /* VisualizerView.swift */,
				529A351E2655B92000B28437 /* CircleView.swift */,
				529A35202655BF0300B28437 /* VisualizerCircleView.swift */,
				529A35222655C29800B28437 /* containerView.swift */,
				5295ADEE2656409C0035868B /* AudioSpectogram.swift */,
			);
			path = MusicVisualizer;
			sourceTree = "<group>";
		};
		7F2FED28DF1A866F585A3F34 /* Pods */ = {
			isa = PBXGroup;
			children = (
				67D410BB2E3468C7AE63BF1C /* Pods-DeezerMusic.debug.xcconfig */,
				ABFC61F7522D2F3BA5D7A404 /* Pods-DeezerMusic.release.xcconfig */,
			);
			path = Pods;
			sourceTree = "<group>";
		};
		A2772F276058942E112C51E5 /* Frameworks */ = {
			isa = PBXGroup;
			children = (
				44AB84C4EE91B80D2907CE32 /* Pods_DeezerMusic.framework */,
			);
			name = Frameworks;
			sourceTree = "<group>";
		};
/* End PBXGroup section */

/* Begin PBXNativeTarget section */
		3739A5E3246985D200AA2642 /* DeezerMusic */ = {
			isa = PBXNativeTarget;
			buildConfigurationList = 3739A5F8246985D300AA2642 /* Build configuration list for PBXNativeTarget "DeezerMusic" */;
			buildPhases = (
				5CAE8BE348AFEDE64EA361F4 /* [CP] Check Pods Manifest.lock */,
				3739A5E0246985D200AA2642 /* Sources */,
				3739A5E1246985D200AA2642 /* Frameworks */,
				3739A5E2246985D200AA2642 /* Resources */,
				7CD8A7A341B76A66B8D2755E /* [CP] Embed Pods Frameworks */,
			);
			buildRules = (
			);
			dependencies = (
			);
			name = DeezerMusic;
			productName = DeezerMusic;
			productReference = 3739A5E4246985D200AA2642 /* DeezerMusic.app */;
			productType = "com.apple.product-type.application";
		};
		3739A6022469881000AA2642 /* DeezerMusicTests */ = {
			isa = PBXNativeTarget;
			buildConfigurationList = 3739A60A2469881000AA2642 /* Build configuration list for PBXNativeTarget "DeezerMusicTests" */;
			buildPhases = (
				3739A5FF2469881000AA2642 /* Sources */,
				3739A6002469881000AA2642 /* Frameworks */,
				3739A6012469881000AA2642 /* Resources */,
			);
			buildRules = (
			);
			dependencies = (
				3739A6092469881000AA2642 /* PBXTargetDependency */,
			);
			name = DeezerMusicTests;
			productName = DeezerMusicTests;
			productReference = 3739A6032469881000AA2642 /* DeezerMusicTests.xctest */;
			productType = "com.apple.product-type.bundle.unit-test";
		};
/* End PBXNativeTarget section */

/* Begin PBXProject section */
		3739A5DC246985D200AA2642 /* Project object */ = {
			isa = PBXProject;
			attributes = {
				LastSwiftUpdateCheck = 1130;
				LastUpgradeCheck = 1130;
				ORGANIZATIONNAME = "Zvonimir Medak";
				TargetAttributes = {
					3739A5E3246985D200AA2642 = {
						CreatedOnToolsVersion = 11.3.1;
					};
					3739A6022469881000AA2642 = {
						CreatedOnToolsVersion = 11.3.1;
						TestTargetID = 3739A5E3246985D200AA2642;
					};
				};
			};
			buildConfigurationList = 3739A5DF246985D200AA2642 /* Build configuration list for PBXProject "DeezerMusic" */;
			compatibilityVersion = "Xcode 9.3";
			developmentRegion = en;
			hasScannedForEncodings = 0;
			knownRegions = (
				en,
				Base,
			);
			mainGroup = 3739A5DB246985D200AA2642;
			productRefGroup = 3739A5E5246985D200AA2642 /* Products */;
			projectDirPath = "";
			projectRoot = "";
			targets = (
				3739A5E3246985D200AA2642 /* DeezerMusic */,
				3739A6022469881000AA2642 /* DeezerMusicTests */,
			);
		};
/* End PBXProject section */

/* Begin PBXResourcesBuildPhase section */
		3739A5E2246985D200AA2642 /* Resources */ = {
			isa = PBXResourcesBuildPhase;
			buildActionMask = 2147483647;
			files = (
				3739A5F1246985D300AA2642 /* Assets.xcassets in Resources */,
			);
			runOnlyForDeploymentPostprocessing = 0;
		};
		3739A6012469881000AA2642 /* Resources */ = {
			isa = PBXResourcesBuildPhase;
			buildActionMask = 2147483647;
			files = (
			);
			runOnlyForDeploymentPostprocessing = 0;
		};
/* End PBXResourcesBuildPhase section */

/* Begin PBXShellScriptBuildPhase section */
		5CAE8BE348AFEDE64EA361F4 /* [CP] Check Pods Manifest.lock */ = {
			isa = PBXShellScriptBuildPhase;
			buildActionMask = 2147483647;
			files = (
			);
			inputFileListPaths = (
			);
			inputPaths = (
				"${PODS_PODFILE_DIR_PATH}/Podfile.lock",
				"${PODS_ROOT}/Manifest.lock",
			);
			name = "[CP] Check Pods Manifest.lock";
			outputFileListPaths = (
			);
			outputPaths = (
				"$(DERIVED_FILE_DIR)/Pods-DeezerMusic-checkManifestLockResult.txt",
			);
			runOnlyForDeploymentPostprocessing = 0;
			shellPath = /bin/sh;
			shellScript = "diff \"${PODS_PODFILE_DIR_PATH}/Podfile.lock\" \"${PODS_ROOT}/Manifest.lock\" > /dev/null\nif [ $? != 0 ] ; then\n    # print error to STDERR\n    echo \"error: The sandbox is not in sync with the Podfile.lock. Run 'pod install' or update your CocoaPods installation.\" >&2\n    exit 1\nfi\n# This output is used by Xcode 'outputs' to avoid re-running this script phase.\necho \"SUCCESS\" > \"${SCRIPT_OUTPUT_FILE_0}\"\n";
			showEnvVarsInLog = 0;
		};
		7CD8A7A341B76A66B8D2755E /* [CP] Embed Pods Frameworks */ = {
			isa = PBXShellScriptBuildPhase;
			buildActionMask = 2147483647;
			files = (
			);
			inputFileListPaths = (
				"${PODS_ROOT}/Target Support Files/Pods-DeezerMusic/Pods-DeezerMusic-frameworks-${CONFIGURATION}-input-files.xcfilelist",
			);
			name = "[CP] Embed Pods Frameworks";
			outputFileListPaths = (
				"${PODS_ROOT}/Target Support Files/Pods-DeezerMusic/Pods-DeezerMusic-frameworks-${CONFIGURATION}-output-files.xcfilelist",
			);
			runOnlyForDeploymentPostprocessing = 0;
			shellPath = /bin/sh;
			shellScript = "\"${PODS_ROOT}/Target Support Files/Pods-DeezerMusic/Pods-DeezerMusic-frameworks.sh\"\n";
			showEnvVarsInLog = 0;
		};
/* End PBXShellScriptBuildPhase section */

/* Begin PBXSourcesBuildPhase section */
		3739A5E0246985D200AA2642 /* Sources */ = {
			isa = PBXSourcesBuildPhase;
			buildActionMask = 2147483647;
			files = (
				371DB7A6247FCECB0050FA3D /* ArtistResponse.swift in Sources */,
				374213BD246A99000070211C /* SongList.swift in Sources */,
				529A351F2655B92000B28437 /* CircleView.swift in Sources */,
				374213BA246A965A0070211C /* DecoderManager.swift in Sources */,
				377199F9247D1D1B00383447 /* Coordinator.swift in Sources */,
				372BCCAE247E65DD00F143C9 /* ParentCoordinatorDelegate.swift in Sources */,
				372BCCAA247E600A00F143C9 /* AppCoordinator.swift in Sources */,
				3745601F247529EE004E2B1F /* UIViewControllerExtension.swift in Sources */,
				529A35212655BF0300B28437 /* VisualizerCircleView.swift in Sources */,
				3745602124752CC7004E2B1F /* UITableViewExtension.swift in Sources */,
				3739A5EC246985D200AA2642 /* HomeScreenViewController.swift in Sources */,
				372BCCAC247E65A700F143C9 /* CoordinatorDelegate.swift in Sources */,
				3745602524753117004E2B1F /* UIColorExtension.swift in Sources */,
				374213C6246A9E040070211C /* SongTableViewCell.swift in Sources */,
				3739A60E24698BD500AA2642 /* HomeScreenViewModel.swift in Sources */,
				374213B5246A95310070211C /* SongRepositoryImpl.swift in Sources */,
				523A45F9265561F600FB5F2F /* BarView.swift in Sources */,
				374213B8246A954C0070211C /* NetworkManager.swift in Sources */,
				5295ADF1265642150035868B /* AudioSpectogramViewController.swift in Sources */,
				374213D3246ACACF0070211C /* SongListSongAndAlbumLabelsView.swift in Sources */,
				371DB7AC247FD8690050FA3D /* Artists.swift in Sources */,
				529A351B2655B03A00B28437 /* CustomHostingViewController.swift in Sources */,
				374213CB246AB10B0070211C /* ImageViewExtension.swift in Sources */,
				3739A5E8246985D200AA2642 /* AppDelegate.swift in Sources */,
				5295ADEF2656409C0035868B /* AudioSpectogram.swift in Sources */,
				374213B3246A95250070211C /* SongRepository.swift in Sources */,
				3746895B248993EE0043C0A8 /* TrendingLabelTableViewCell.swift in Sources */,
				377199FF247D2E0100383447 /* HomeScreenCoordinator.swift in Sources */,
				523A45FB2655629000FB5F2F /* VisualizerView.swift in Sources */,
				3739A61024698C2400AA2642 /* HomeScreenViewModelImpl.swift in Sources */,
				374213D5246ACB420070211C /* UIViewExtension.swift in Sources */,
				374213C8246AA3A80070211C /* Tracks.swift in Sources */,
				3745602324752FEE004E2B1F /* StyleManager.swift in Sources */,
				523A45F62655618600FB5F2F /* MicrophoneMonitor.swift in Sources */,
				374213CE246AB2670070211C /* SongListAlbumAndArtistImageView.swift in Sources */,
				374213BF246A99250070211C /* Album.swift in Sources */,
				529A351D2655B35100B28437 /* SongDurationUtils.swift in Sources */,
				529A35232655C29800B28437 /* containerView.swift in Sources */,
				374213C1246A992F0070211C /* Artist.swift in Sources */,
				374213C3246A9A840070211C /* TrackResponse.swift in Sources */,
			);
			runOnlyForDeploymentPostprocessing = 0;
		};
		3739A5FF2469881000AA2642 /* Sources */ = {
			isa = PBXSourcesBuildPhase;
			buildActionMask = 2147483647;
			files = (
				3739A6062469881000AA2642 /* DeezerMusicTests.swift in Sources */,
				3739A61224698CB200AA2642 /* HomeScreenViewModel.swift in Sources */,
			);
			runOnlyForDeploymentPostprocessing = 0;
		};
/* End PBXSourcesBuildPhase section */

/* Begin PBXTargetDependency section */
		3739A6092469881000AA2642 /* PBXTargetDependency */ = {
			isa = PBXTargetDependency;
			target = 3739A5E3246985D200AA2642 /* DeezerMusic */;
			targetProxy = 3739A6082469881000AA2642 /* PBXContainerItemProxy */;
		};
/* End PBXTargetDependency section */

/* Begin XCBuildConfiguration section */
		3739A5F6246985D300AA2642 /* Debug */ = {
			isa = XCBuildConfiguration;
			buildSettings = {
				ALWAYS_SEARCH_USER_PATHS = NO;
				CLANG_ANALYZER_NONNULL = YES;
				CLANG_ANALYZER_NUMBER_OBJECT_CONVERSION = YES_AGGRESSIVE;
				CLANG_CXX_LANGUAGE_STANDARD = "gnu++14";
				CLANG_CXX_LIBRARY = "libc++";
				CLANG_ENABLE_MODULES = YES;
				CLANG_ENABLE_OBJC_ARC = YES;
				CLANG_ENABLE_OBJC_WEAK = YES;
				CLANG_WARN_BLOCK_CAPTURE_AUTORELEASING = YES;
				CLANG_WARN_BOOL_CONVERSION = YES;
				CLANG_WARN_COMMA = YES;
				CLANG_WARN_CONSTANT_CONVERSION = YES;
				CLANG_WARN_DEPRECATED_OBJC_IMPLEMENTATIONS = YES;
				CLANG_WARN_DIRECT_OBJC_ISA_USAGE = YES_ERROR;
				CLANG_WARN_DOCUMENTATION_COMMENTS = YES;
				CLANG_WARN_EMPTY_BODY = YES;
				CLANG_WARN_ENUM_CONVERSION = YES;
				CLANG_WARN_INFINITE_RECURSION = YES;
				CLANG_WARN_INT_CONVERSION = YES;
				CLANG_WARN_NON_LITERAL_NULL_CONVERSION = YES;
				CLANG_WARN_OBJC_IMPLICIT_RETAIN_SELF = YES;
				CLANG_WARN_OBJC_LITERAL_CONVERSION = YES;
				CLANG_WARN_OBJC_ROOT_CLASS = YES_ERROR;
				CLANG_WARN_RANGE_LOOP_ANALYSIS = YES;
				CLANG_WARN_STRICT_PROTOTYPES = YES;
				CLANG_WARN_SUSPICIOUS_MOVE = YES;
				CLANG_WARN_UNGUARDED_AVAILABILITY = YES_AGGRESSIVE;
				CLANG_WARN_UNREACHABLE_CODE = YES;
				CLANG_WARN__DUPLICATE_METHOD_MATCH = YES;
				COPY_PHASE_STRIP = NO;
				DEBUG_INFORMATION_FORMAT = dwarf;
				ENABLE_STRICT_OBJC_MSGSEND = YES;
				ENABLE_TESTABILITY = YES;
				GCC_C_LANGUAGE_STANDARD = gnu11;
				GCC_DYNAMIC_NO_PIC = NO;
				GCC_NO_COMMON_BLOCKS = YES;
				GCC_OPTIMIZATION_LEVEL = 0;
				GCC_PREPROCESSOR_DEFINITIONS = (
					"DEBUG=1",
					"$(inherited)",
				);
				GCC_WARN_64_TO_32_BIT_CONVERSION = YES;
				GCC_WARN_ABOUT_RETURN_TYPE = YES_ERROR;
				GCC_WARN_UNDECLARED_SELECTOR = YES;
				GCC_WARN_UNINITIALIZED_AUTOS = YES_AGGRESSIVE;
				GCC_WARN_UNUSED_FUNCTION = YES;
				GCC_WARN_UNUSED_VARIABLE = YES;
				IPHONEOS_DEPLOYMENT_TARGET = 13.2;
				MTL_ENABLE_DEBUG_INFO = INCLUDE_SOURCE;
				MTL_FAST_MATH = YES;
				ONLY_ACTIVE_ARCH = YES;
				SDKROOT = iphoneos;
				SWIFT_ACTIVE_COMPILATION_CONDITIONS = DEBUG;
				SWIFT_OPTIMIZATION_LEVEL = "-Onone";
			};
			name = Debug;
		};
		3739A5F7246985D300AA2642 /* Release */ = {
			isa = XCBuildConfiguration;
			buildSettings = {
				ALWAYS_SEARCH_USER_PATHS = NO;
				CLANG_ANALYZER_NONNULL = YES;
				CLANG_ANALYZER_NUMBER_OBJECT_CONVERSION = YES_AGGRESSIVE;
				CLANG_CXX_LANGUAGE_STANDARD = "gnu++14";
				CLANG_CXX_LIBRARY = "libc++";
				CLANG_ENABLE_MODULES = YES;
				CLANG_ENABLE_OBJC_ARC = YES;
				CLANG_ENABLE_OBJC_WEAK = YES;
				CLANG_WARN_BLOCK_CAPTURE_AUTORELEASING = YES;
				CLANG_WARN_BOOL_CONVERSION = YES;
				CLANG_WARN_COMMA = YES;
				CLANG_WARN_CONSTANT_CONVERSION = YES;
				CLANG_WARN_DEPRECATED_OBJC_IMPLEMENTATIONS = YES;
				CLANG_WARN_DIRECT_OBJC_ISA_USAGE = YES_ERROR;
				CLANG_WARN_DOCUMENTATION_COMMENTS = YES;
				CLANG_WARN_EMPTY_BODY = YES;
				CLANG_WARN_ENUM_CONVERSION = YES;
				CLANG_WARN_INFINITE_RECURSION = YES;
				CLANG_WARN_INT_CONVERSION = YES;
				CLANG_WARN_NON_LITERAL_NULL_CONVERSION = YES;
				CLANG_WARN_OBJC_IMPLICIT_RETAIN_SELF = YES;
				CLANG_WARN_OBJC_LITERAL_CONVERSION = YES;
				CLANG_WARN_OBJC_ROOT_CLASS = YES_ERROR;
				CLANG_WARN_RANGE_LOOP_ANALYSIS = YES;
				CLANG_WARN_STRICT_PROTOTYPES = YES;
				CLANG_WARN_SUSPICIOUS_MOVE = YES;
				CLANG_WARN_UNGUARDED_AVAILABILITY = YES_AGGRESSIVE;
				CLANG_WARN_UNREACHABLE_CODE = YES;
				CLANG_WARN__DUPLICATE_METHOD_MATCH = YES;
				COPY_PHASE_STRIP = NO;
				DEBUG_INFORMATION_FORMAT = "dwarf-with-dsym";
				ENABLE_NS_ASSERTIONS = NO;
				ENABLE_STRICT_OBJC_MSGSEND = YES;
				GCC_C_LANGUAGE_STANDARD = gnu11;
				GCC_NO_COMMON_BLOCKS = YES;
				GCC_WARN_64_TO_32_BIT_CONVERSION = YES;
				GCC_WARN_ABOUT_RETURN_TYPE = YES_ERROR;
				GCC_WARN_UNDECLARED_SELECTOR = YES;
				GCC_WARN_UNINITIALIZED_AUTOS = YES_AGGRESSIVE;
				GCC_WARN_UNUSED_FUNCTION = YES;
				GCC_WARN_UNUSED_VARIABLE = YES;
				IPHONEOS_DEPLOYMENT_TARGET = 13.2;
				MTL_ENABLE_DEBUG_INFO = NO;
				MTL_FAST_MATH = YES;
				SDKROOT = iphoneos;
				SWIFT_COMPILATION_MODE = wholemodule;
				SWIFT_OPTIMIZATION_LEVEL = "-O";
				VALIDATE_PRODUCT = YES;
			};
			name = Release;
		};
		3739A5F9246985D300AA2642 /* Debug */ = {
			isa = XCBuildConfiguration;
			baseConfigurationReference = 67D410BB2E3468C7AE63BF1C /* Pods-DeezerMusic.debug.xcconfig */;
			buildSettings = {
				ASSETCATALOG_COMPILER_APPICON_NAME = AppIcon;
				CODE_SIGN_STYLE = Automatic;
				DEVELOPMENT_TEAM = 7MUZ3JYV47;
				INFOPLIST_FILE = DeezerMusic/Info.plist;
				LD_RUNPATH_SEARCH_PATHS = (
					"$(inherited)",
					"@executable_path/Frameworks",
				);
				PRODUCT_BUNDLE_IDENTIFIER = zvonimir.medak.DeezerMusic;
				PRODUCT_NAME = "$(TARGET_NAME)";
				SWIFT_VERSION = 5.0;
				TARGETED_DEVICE_FAMILY = "1,2";
			};
			name = Debug;
		};
		3739A5FA246985D300AA2642 /* Release */ = {
			isa = XCBuildConfiguration;
			baseConfigurationReference = ABFC61F7522D2F3BA5D7A404 /* Pods-DeezerMusic.release.xcconfig */;
			buildSettings = {
				ASSETCATALOG_COMPILER_APPICON_NAME = AppIcon;
				CODE_SIGN_STYLE = Automatic;
				DEVELOPMENT_TEAM = 7MUZ3JYV47;
				INFOPLIST_FILE = DeezerMusic/Info.plist;
				LD_RUNPATH_SEARCH_PATHS = (
					"$(inherited)",
					"@executable_path/Frameworks",
				);
				PRODUCT_BUNDLE_IDENTIFIER = zvonimir.medak.DeezerMusic;
				PRODUCT_NAME = "$(TARGET_NAME)";
				SWIFT_VERSION = 5.0;
				TARGETED_DEVICE_FAMILY = "1,2";
			};
			name = Release;
		};
		3739A60B2469881000AA2642 /* Debug */ = {
			isa = XCBuildConfiguration;
			buildSettings = {
				BUNDLE_LOADER = "$(TEST_HOST)";
				CODE_SIGN_STYLE = Automatic;
				INFOPLIST_FILE = DeezerMusicTests/Info.plist;
				LD_RUNPATH_SEARCH_PATHS = (
					"$(inherited)",
					"@executable_path/Frameworks",
					"@loader_path/Frameworks",
				);
				PRODUCT_BUNDLE_IDENTIFIER = "iOS-Akademija.DeezerMusicTests";
				PRODUCT_NAME = "$(TARGET_NAME)";
				SWIFT_VERSION = 5.0;
				TARGETED_DEVICE_FAMILY = "1,2";
				TEST_HOST = "$(BUILT_PRODUCTS_DIR)/DeezerMusic.app/DeezerMusic";
			};
			name = Debug;
		};
		3739A60C2469881000AA2642 /* Release */ = {
			isa = XCBuildConfiguration;
			buildSettings = {
				BUNDLE_LOADER = "$(TEST_HOST)";
				CODE_SIGN_STYLE = Automatic;
				INFOPLIST_FILE = DeezerMusicTests/Info.plist;
				LD_RUNPATH_SEARCH_PATHS = (
					"$(inherited)",
					"@executable_path/Frameworks",
					"@loader_path/Frameworks",
				);
				PRODUCT_BUNDLE_IDENTIFIER = "iOS-Akademija.DeezerMusicTests";
				PRODUCT_NAME = "$(TARGET_NAME)";
				SWIFT_VERSION = 5.0;
				TARGETED_DEVICE_FAMILY = "1,2";
				TEST_HOST = "$(BUILT_PRODUCTS_DIR)/DeezerMusic.app/DeezerMusic";
			};
			name = Release;
		};
/* End XCBuildConfiguration section */

/* Begin XCConfigurationList section */
		3739A5DF246985D200AA2642 /* Build configuration list for PBXProject "DeezerMusic" */ = {
			isa = XCConfigurationList;
			buildConfigurations = (
				3739A5F6246985D300AA2642 /* Debug */,
				3739A5F7246985D300AA2642 /* Release */,
			);
			defaultConfigurationIsVisible = 0;
			defaultConfigurationName = Release;
		};
		3739A5F8246985D300AA2642 /* Build configuration list for PBXNativeTarget "DeezerMusic" */ = {
			isa = XCConfigurationList;
			buildConfigurations = (
				3739A5F9246985D300AA2642 /* Debug */,
				3739A5FA246985D300AA2642 /* Release */,
			);
			defaultConfigurationIsVisible = 0;
			defaultConfigurationName = Release;
		};
		3739A60A2469881000AA2642 /* Build configuration list for PBXNativeTarget "DeezerMusicTests" */ = {
			isa = XCConfigurationList;
			buildConfigurations = (
				3739A60B2469881000AA2642 /* Debug */,
				3739A60C2469881000AA2642 /* Release */,
			);
			defaultConfigurationIsVisible = 0;
			defaultConfigurationName = Release;
		};
/* End XCConfigurationList section */
	};
	rootObject = 3739A5DC246985D200AA2642 /* Project object */;
}
